
Microsoft Visual Studio Solution File, Format Version 12.00
# Visual Studio Version 16
VisualStudioVersion = 16.0.29418.71
MinimumVisualStudioVersion = 10.0.40219.1
Project("{8BC9CEB8-8B4A-11D0-8D11-00A0C91BC942}") = "SWMOOC_Open_Source_Data_Structure", "SWMOOC_Open_Source_Data_Structure\SWMOOC_Open_Source_Data_Structure.vcxproj", "{D318FFA1-F169-4139-A765-D3C8C8FBF6BB}"
EndProject
Global
	GlobalSection(SolutionConfigurationPlatforms) = preSolution
		Debug|x64 = Debug|x64
		Debug|x86 = Debug|x86
		Release|x64 = Release|x64
		Release|x86 = Release|x86
	EndGlobalSection
	GlobalSection(ProjectConfigurationPlatforms) = postSolution
		{D318FFA1-F169-4139-A765-D3C8C8FBF6BB}.Debug|x64.ActiveCfg = Debug|x64
		{D318FFA1-F169-4139-A765-D3C8C8FBF6BB}.Debug|x64.Build.0 = Debug|x64
		{D318FFA1-F169-4139-A765-D3C8C8FBF6BB}.Debug|x86.ActiveCfg = Debug|Win32
		{D318FFA1-F169-4139-A765-D3C8C8FBF6BB}.Debug|x86.Build.0 = Debug|Win32
		{D318FFA1-F169-4139-A765-D3C8C8FBF6BB}.Release|x64.ActiveCfg = Release|x64
		{D318FFA1-F169-4139-A765-D3C8C8FBF6BB}.Release|x64.Build.0 = Release|x64
		{D318FFA1-F169-4139-A765-D3C8C8FBF6BB}.Release|x86.ActiveCfg = Release|Win32
		{D318FFA1-F169-4139-A765-D3C8C8FBF6BB}.Release|x86.Build.0 = Release|Win32
	EndGlobalSection
	GlobalSection(SolutionProperties) = preSolution
		HideSolutionNode = FALSE
	EndGlobalSection
	GlobalSection(ExtensibilityGlobals) = postSolution
		SolutionGuid = {42E60354-5710-445F-9E86-FD02992334EC}
	EndGlobalSection
EndGlobal
